
Microsoft Visual Studio Solution File, Format Version 12.00
# Visual Studio 15
VisualStudioVersion = 15.0.27130.2020
MinimumVisualStudioVersion = 10.0.40219.1
Project("{9A19103F-16F7-4668-BE54-9A1E7A4F7556}") = "CSI61111.Logic", "CSI61111.Logic\CSI61111.Logic.csproj", "{CC61C8B1-2344-41A1-8BD9-7EB5DE9FF38F}"
EndProject
Project("{9A19103F-16F7-4668-BE54-9A1E7A4F7556}") = "CSI6111.UnitTests", "CSI6111.UnitTests\CSI6111.UnitTests.csproj", "{E5C2D891-9662-4A46-AC55-134A4C958D55}"
EndProject
Project("{FAE04EC0-301F-11D3-BF4B-00C04F79EFBC}") = "CSI61111.ServerSide", "CSI61111.ServerSide\CSI61111.ServerSide.csproj", "{3BCAE65E-328A-4C5E-9899-CDE9718043F6}"
EndProject
Project("{FAE04EC0-301F-11D3-BF4B-00C04F79EFBC}") = "CSI6111.Shared", "CSI6111.Shared\CSI6111.Shared.csproj", "{246A4F2A-2DFB-4982-A267-ACD8FC3601A5}"
EndProject
Project("{FAE04EC0-301F-11D3-BF4B-00C04F79EFBC}") = "CSI6111.Client", "CSI6111.Client\CSI6111.Client.csproj", "{DAE14292-BB19-407C-9C5A-F48D051DB2B0}"
EndProject
Global
	GlobalSection(SolutionConfigurationPlatforms) = preSolution
		Debug|Any CPU = Debug|Any CPU
		Release|Any CPU = Release|Any CPU
	EndGlobalSection
	GlobalSection(ProjectConfigurationPlatforms) = postSolution
		{CC61C8B1-2344-41A1-8BD9-7EB5DE9FF38F}.Debug|Any CPU.ActiveCfg = Debug|Any CPU
		{CC61C8B1-2344-41A1-8BD9-7EB5DE9FF38F}.Debug|Any CPU.Build.0 = Debug|Any CPU
		{CC61C8B1-2344-41A1-8BD9-7EB5DE9FF38F}.Release|Any CPU.ActiveCfg = Release|Any CPU
		{CC61C8B1-2344-41A1-8BD9-7EB5DE9FF38F}.Release|Any CPU.Build.0 = Release|Any CPU
		{E5C2D891-9662-4A46-AC55-134A4C958D55}.Debug|Any CPU.ActiveCfg = Debug|Any CPU
		{E5C2D891-9662-4A46-AC55-134A4C958D55}.Debug|Any CPU.Build.0 = Debug|Any CPU
		{E5C2D891-9662-4A46-AC55-134A4C958D55}.Release|Any CPU.ActiveCfg = Release|Any CPU
		{E5C2D891-9662-4A46-AC55-134A4C958D55}.Release|Any CPU.Build.0 = Release|Any CPU
		{3BCAE65E-328A-4C5E-9899-CDE9718043F6}.Debug|Any CPU.ActiveCfg = Debug|Any CPU
		{3BCAE65E-328A-4C5E-9899-CDE9718043F6}.Debug|Any CPU.Build.0 = Debug|Any CPU
		{3BCAE65E-328A-4C5E-9899-CDE9718043F6}.Release|Any CPU.ActiveCfg = Release|Any CPU
		{3BCAE65E-328A-4C5E-9899-CDE9718043F6}.Release|Any CPU.Build.0 = Release|Any CPU
		{246A4F2A-2DFB-4982-A267-ACD8FC3601A5}.Debug|Any CPU.ActiveCfg = Debug|Any CPU
		{246A4F2A-2DFB-4982-A267-ACD8FC3601A5}.Debug|Any CPU.Build.0 = Debug|Any CPU
		{246A4F2A-2DFB-4982-A267-ACD8FC3601A5}.Release|Any CPU.ActiveCfg = Release|Any CPU
		{246A4F2A-2DFB-4982-A267-ACD8FC3601A5}.Release|Any CPU.Build.0 = Release|Any CPU
		{DAE14292-BB19-407C-9C5A-F48D051DB2B0}.Debug|Any CPU.ActiveCfg = Debug|Any CPU
		{DAE14292-BB19-407C-9C5A-F48D051DB2B0}.Debug|Any CPU.Build.0 = Debug|Any CPU
		{DAE14292-BB19-407C-9C5A-F48D051DB2B0}.Release|Any CPU.ActiveCfg = Release|Any CPU
		{DAE14292-BB19-407C-9C5A-F48D051DB2B0}.Release|Any CPU.Build.0 = Release|Any CPU
	EndGlobalSection
	GlobalSection(SolutionProperties) = preSolution
		HideSolutionNode = FALSE
	EndGlobalSection
	GlobalSection(ExtensibilityGlobals) = postSolution
		SolutionGuid = {CB7FEFDA-2ED8-4275-9995-E383F449A790}
	EndGlobalSection
EndGlobal
